
Microsoft Visual Studio Solution File, Format Version 12.00
# Visual Studio 15
VisualStudioVersion = 15.0.26124.0
MinimumVisualStudioVersion = 15.0.26124.0
Project("{FAE04EC0-301F-11D3-BF4B-00C04F79EFBC}") = "Source", "Source\Source.csproj", "{20B09D83-0609-41E3-BC82-FB6A6675DD51}"
EndProject
Project("{FAE04EC0-301F-11D3-BF4B-00C04F79EFBC}") = "Tests", "Tests\Tests.csproj", "{481C102E-C5F5-488B-B354-0411615E6044}"
EndProject
Global
	GlobalSection(SolutionConfigurationPlatforms) = preSolution
		Debug|Any CPU = Debug|Any CPU
		Debug|x64 = Debug|x64
		Debug|x86 = Debug|x86
		Release|Any CPU = Release|Any CPU
		Release|x64 = Release|x64
		Release|x86 = Release|x86
	EndGlobalSection
	GlobalSection(SolutionProperties) = preSolution
		HideSolutionNode = FALSE
	EndGlobalSection
	GlobalSection(ProjectConfigurationPlatforms) = postSolution
		{20B09D83-0609-41E3-BC82-FB6A6675DD51}.Debug|Any CPU.ActiveCfg = Debug|Any CPU
		{20B09D83-0609-41E3-BC82-FB6A6675DD51}.Debug|Any CPU.Build.0 = Debug|Any CPU
		{20B09D83-0609-41E3-BC82-FB6A6675DD51}.Debug|x64.ActiveCfg = Debug|Any CPU
		{20B09D83-0609-41E3-BC82-FB6A6675DD51}.Debug|x64.Build.0 = Debug|Any CPU
		{20B09D83-0609-41E3-BC82-FB6A6675DD51}.Debug|x86.ActiveCfg = Debug|Any CPU
		{20B09D83-0609-41E3-BC82-FB6A6675DD51}.Debug|x86.Build.0 = Debug|Any CPU
		{20B09D83-0609-41E3-BC82-FB6A6675DD51}.Release|Any CPU.ActiveCfg = Release|Any CPU
		{20B09D83-0609-41E3-BC82-FB6A6675DD51}.Release|Any CPU.Build.0 = Release|Any CPU
		{20B09D83-0609-41E3-BC82-FB6A6675DD51}.Release|x64.ActiveCfg = Release|Any CPU
		{20B09D83-0609-41E3-BC82-FB6A6675DD51}.Release|x64.Build.0 = Release|Any CPU
		{20B09D83-0609-41E3-BC82-FB6A6675DD51}.Release|x86.ActiveCfg = Release|Any CPU
		{20B09D83-0609-41E3-BC82-FB6A6675DD51}.Release|x86.Build.0 = Release|Any CPU
		{481C102E-C5F5-488B-B354-0411615E6044}.Debug|Any CPU.ActiveCfg = Debug|Any CPU
		{481C102E-C5F5-488B-B354-0411615E6044}.Debug|Any CPU.Build.0 = Debug|Any CPU
		{481C102E-C5F5-488B-B354-0411615E6044}.Debug|x64.ActiveCfg = Debug|Any CPU
		{481C102E-C5F5-488B-B354-0411615E6044}.Debug|x64.Build.0 = Debug|Any CPU
		{481C102E-C5F5-488B-B354-0411615E6044}.Debug|x86.ActiveCfg = Debug|Any CPU
		{481C102E-C5F5-488B-B354-0411615E6044}.Debug|x86.Build.0 = Debug|Any CPU
		{481C102E-C5F5-488B-B354-0411615E6044}.Release|Any CPU.ActiveCfg = Release|Any CPU
		{481C102E-C5F5-488B-B354-0411615E6044}.Release|Any CPU.Build.0 = Release|Any CPU
		{481C102E-C5F5-488B-B354-0411615E6044}.Release|x64.ActiveCfg = Release|Any CPU
		{481C102E-C5F5-488B-B354-0411615E6044}.Release|x64.Build.0 = Release|Any CPU
		{481C102E-C5F5-488B-B354-0411615E6044}.Release|x86.ActiveCfg = Release|Any CPU
		{481C102E-C5F5-488B-B354-0411615E6044}.Release|x86.Build.0 = Release|Any CPU
	EndGlobalSection
EndGlobal
